
Microsoft Visual Studio Solution File, Format Version 12.00
# Visual Studio Version 17
VisualStudioVersion = 17.14.36221.1
MinimumVisualStudioVersion = 10.0.40219.1
Project("{FAE04EC0-301F-11D3-BF4B-00C04F79EFBC}") = "Application", "Application\Application.csproj", "{6D47F112-8EC2-4997-88D6-597216B54599}"
EndProject
Project("{FAE04EC0-301F-11D3-BF4B-00C04F79EFBC}") = "Domain", "Domain\Domain.csproj", "{E7402FA0-EB72-481F-9B3C-2CE25582A796}"
EndProject
Project("{FAE04EC0-301F-11D3-BF4B-00C04F79EFBC}") = "Infrastructure", "Infrastructure\Infrastructure.csproj", "{B2C6BE54-51BE-429F-BE62-7B366CA2AB12}"
EndProject
Project("{FAE04EC0-301F-11D3-BF4B-00C04F79EFBC}") = "Learn_Asp.NetCore", "Learn_Asp.NetCore\Learn_Asp.NetCore.csproj", "{F5A7FB61-79DF-4AAC-A0FD-CA0AA4F8FA5F}"
EndProject
Global
	GlobalSection(SolutionConfigurationPlatforms) = preSolution
		Debug|Any CPU = Debug|Any CPU
		Release|Any CPU = Release|Any CPU
	EndGlobalSection
	GlobalSection(ProjectConfigurationPlatforms) = postSolution
		{6D47F112-8EC2-4997-88D6-597216B54599}.Debug|Any CPU.ActiveCfg = Debug|Any CPU
		{6D47F112-8EC2-4997-88D6-597216B54599}.Debug|Any CPU.Build.0 = Debug|Any CPU
		{6D47F112-8EC2-4997-88D6-597216B54599}.Release|Any CPU.ActiveCfg = Release|Any CPU
		{6D47F112-8EC2-4997-88D6-597216B54599}.Release|Any CPU.Build.0 = Release|Any CPU
		{E7402FA0-EB72-481F-9B3C-2CE25582A796}.Debug|Any CPU.ActiveCfg = Debug|Any CPU
		{E7402FA0-EB72-481F-9B3C-2CE25582A796}.Debug|Any CPU.Build.0 = Debug|Any CPU
		{E7402FA0-EB72-481F-9B3C-2CE25582A796}.Release|Any CPU.ActiveCfg = Release|Any CPU
		{E7402FA0-EB72-481F-9B3C-2CE25582A796}.Release|Any CPU.Build.0 = Release|Any CPU
		{B2C6BE54-51BE-429F-BE62-7B366CA2AB12}.Debug|Any CPU.ActiveCfg = Debug|Any CPU
		{B2C6BE54-51BE-429F-BE62-7B366CA2AB12}.Debug|Any CPU.Build.0 = Debug|Any CPU
		{B2C6BE54-51BE-429F-BE62-7B366CA2AB12}.Release|Any CPU.ActiveCfg = Release|Any CPU
		{B2C6BE54-51BE-429F-BE62-7B366CA2AB12}.Release|Any CPU.Build.0 = Release|Any CPU
		{F5A7FB61-79DF-4AAC-A0FD-CA0AA4F8FA5F}.Debug|Any CPU.ActiveCfg = Debug|Any CPU
		{F5A7FB61-79DF-4AAC-A0FD-CA0AA4F8FA5F}.Debug|Any CPU.Build.0 = Debug|Any CPU
		{F5A7FB61-79DF-4AAC-A0FD-CA0AA4F8FA5F}.Release|Any CPU.ActiveCfg = Release|Any CPU
		{F5A7FB61-79DF-4AAC-A0FD-CA0AA4F8FA5F}.Release|Any CPU.Build.0 = Release|Any CPU
	EndGlobalSection
	GlobalSection(SolutionProperties) = preSolution
		HideSolutionNode = FALSE
	EndGlobalSection
	GlobalSection(ExtensibilityGlobals) = postSolution
		SolutionGuid = {3CFDA235-73F1-494B-9D3B-7AD67584E188}
	EndGlobalSection
EndGlobal
